
Microsoft Visual Studio Solution File, Format Version 12.00
# Visual Studio Version 17
VisualStudioVersion = 17.0.31903.59
MinimumVisualStudioVersion = 10.0.40219.1
Project("{2150E333-8FDC-42A3-9474-1A3956D46DE8}") = "Services", "Services", "{8BC9CEB8-8B4A-11D0-8D11-00A0C91BC942}"
EndProject
Project("{2150E333-8FDC-42A3-9474-1A3956D46DE8}") = "Shared", "Shared", "{9BC9CEB8-8B4A-11D0-8D11-00A0C91BC942}"
EndProject
Project("{2150E333-8FDC-42A3-9474-1A3956D46DE8}") = "Gateway", "Gateway", "{ABC9CEB8-8B4A-11D0-8D11-00A0C91BC942}"
EndProject
Project("{FAE04EC0-301F-11D3-BF4B-00C04F79EFBC}") = "Ship24X7.Shared", "src\Shared\Ship24X7.Shared\Ship24X7.Shared.csproj", "{10000000-0000-0000-0000-000000000001}"
EndProject
Project("{FAE04EC0-301F-11D3-BF4B-00C04F79EFBC}") = "Ship24X7.Auth.API", "src\Services\Auth\Ship24X7.Auth.API\Ship24X7.Auth.API.csproj", "{20000000-0000-0000-0000-000000000001}"
EndProject
Project("{FAE04EC0-301F-11D3-BF4B-00C04F79EFBC}") = "Ship24X7.Auth.Domain", "src\Services\Auth\Ship24X7.Auth.Domain\Ship24X7.Auth.Domain.csproj", "{20000000-0000-0000-0000-000000000002}"
EndProject
Project("{FAE04EC0-301F-11D3-BF4B-00C04F79EFBC}") = "Ship24X7.Auth.Application", "src\Services\Auth\Ship24X7.Auth.Application\Ship24X7.Auth.Application.csproj", "{20000000-0000-0000-0000-000000000003}"
EndProject
Project("{FAE04EC0-301F-11D3-BF4B-00C04F79EFBC}") = "Ship24X7.Auth.Infrastructure", "src\Services\Auth\Ship24X7.Auth.Infrastructure\Ship24X7.Auth.Infrastructure.csproj", "{20000000-0000-0000-0000-000000000004}"
EndProject
Project("{FAE04EC0-301F-11D3-BF4B-00C04F79EFBC}") = "Ship24X7.Shipment.API", "src\Services\Shipment\Ship24X7.Shipment.API\Ship24X7.Shipment.API.csproj", "{30000000-0000-0000-0000-000000000001}"
EndProject
Project("{FAE04EC0-301F-11D3-BF4B-00C04F79EFBC}") = "Ship24X7.Shipment.Domain", "src\Services\Shipment\Ship24X7.Shipment.Domain\Ship24X7.Shipment.Domain.csproj", "{30000000-0000-0000-0000-000000000002}"
EndProject
Project("{FAE04EC0-301F-11D3-BF4B-00C04F79EFBC}") = "Ship24X7.Shipment.Application", "src\Services\Shipment\Ship24X7.Shipment.Application\Ship24X7.Shipment.Application.csproj", "{30000000-0000-0000-0000-000000000003}"
EndProject
Project("{FAE04EC0-301F-11D3-BF4B-00C04F79EFBC}") = "Ship24X7.Shipment.Infrastructure", "src\Services\Shipment\Ship24X7.Shipment.Infrastructure\Ship24X7.Shipment.Infrastructure.csproj", "{30000000-0000-0000-0000-000000000004}"
EndProject
Project("{FAE04EC0-301F-11D3-BF4B-00C04F79EFBC}") = "Ship24X7.Tracking.API", "src\Services\Tracking\Ship24X7.Tracking.API\Ship24X7.Tracking.API.csproj", "{40000000-0000-0000-0000-000000000001}"
EndProject
Project("{FAE04EC0-301F-11D3-BF4B-00C04F79EFBC}") = "Ship24X7.Tracking.Domain", "src\Services\Tracking\Ship24X7.Tracking.Domain\Ship24X7.Tracking.Domain.csproj", "{40000000-0000-0000-0000-000000000002}"
EndProject
Project("{FAE04EC0-301F-11D3-BF4B-00C04F79EFBC}") = "Ship24X7.Tracking.Application", "src\Services\Tracking\Ship24X7.Tracking.Application\Ship24X7.Tracking.Application.csproj", "{40000000-0000-0000-0000-000000000003}"
EndProject
Project("{FAE04EC0-301F-11D3-BF4B-00C04F79EFBC}") = "Ship24X7.Tracking.Infrastructure", "src\Services\Tracking\Ship24X7.Tracking.Infrastructure\Ship24X7.Tracking.Infrastructure.csproj", "{40000000-0000-0000-0000-000000000004}"
EndProject
Project("{FAE04EC0-301F-11D3-BF4B-00C04F79EFBC}") = "Ship24X7.Notification.API", "src\Services\Notification\Ship24X7.Notification.API\Ship24X7.Notification.API.csproj", "{50000000-0000-0000-0000-000000000001}"
EndProject
Project("{FAE04EC0-301F-11D3-BF4B-00C04F79EFBC}") = "Ship24X7.Notification.Domain", "src\Services\Notification\Ship24X7.Notification.Domain\Ship24X7.Notification.Domain.csproj", "{50000000-0000-0000-0000-000000000002}"
EndProject
Project("{FAE04EC0-301F-11D3-BF4B-00C04F79EFBC}") = "Ship24X7.Notification.Application", "src\Services\Notification\Ship24X7.Notification.Application\Ship24X7.Notification.Application.csproj", "{50000000-0000-0000-0000-000000000003}"
EndProject
Project("{FAE04EC0-301F-11D3-BF4B-00C04F79EFBC}") = "Ship24X7.Notification.Infrastructure", "src\Services\Notification\Ship24X7.Notification.Infrastructure\Ship24X7.Notification.Infrastructure.csproj", "{50000000-0000-0000-0000-000000000004}"
EndProject
Project("{FAE04EC0-301F-11D3-BF4B-00C04F79EFBC}") = "Ship24X7.Payment.API", "src\Services\Payment\Ship24X7.Payment.API\Ship24X7.Payment.API.csproj", "{60000000-0000-0000-0000-000000000001}"
EndProject
Project("{FAE04EC0-301F-11D3-BF4B-00C04F79EFBC}") = "Ship24X7.Payment.Domain", "src\Services\Payment\Ship24X7.Payment.Domain\Ship24X7.Payment.Domain.csproj", "{60000000-0000-0000-0000-000000000002}"
EndProject
Project("{FAE04EC0-301F-11D3-BF4B-00C04F79EFBC}") = "Ship24X7.Payment.Application", "src\Services\Payment\Ship24X7.Payment.Application\Ship24X7.Payment.Application.csproj", "{60000000-0000-0000-0000-000000000003}"
EndProject
Project("{FAE04EC0-301F-11D3-BF4B-00C04F79EFBC}") = "Ship24X7.Payment.Infrastructure", "src\Services\Payment\Ship24X7.Payment.Infrastructure\Ship24X7.Payment.Infrastructure.csproj", "{60000000-0000-0000-0000-000000000004}"
EndProject
Project("{FAE04EC0-301F-11D3-BF4B-00C04F79EFBC}") = "Ship24X7.Gateway", "src\Gateway\Ship24X7.Gateway\Ship24X7.Gateway.csproj", "{70000000-0000-0000-0000-000000000001}"
EndProject
Project("{2150E333-8FDC-42A3-9474-1A3956D46DE8}") = "Tests", "Tests", "{DBC9CEB8-8B4A-11D0-8D11-00A0C91BC942}"
EndProject
Project("{FAE04EC0-301F-11D3-BF4B-00C04F79EFBC}") = "Ship24X7.IntegrationTests", "tests\Ship24X7.IntegrationTests\Ship24X7.IntegrationTests.csproj", "{80000000-0000-0000-0000-000000000001}"
EndProject
Project("{2150E333-8FDC-42A3-9474-1A3956D46DE8}") = "src", "src", "{827E0CD3-B72D-47B6-A68D-7590B98EB39B}"
EndProject
Project("{2150E333-8FDC-42A3-9474-1A3956D46DE8}") = "Services", "Services", "{984BB9B3-3FA3-BE33-9484-CAC21695A33C}"
EndProject
Project("{2150E333-8FDC-42A3-9474-1A3956D46DE8}") = "Notification", "Notification", "{C5FBE174-8E0F-F5A3-B929-8BD0C55C0A32}"
EndProject
Project("{FAE04EC0-301F-11D3-BF4B-00C04F79EFBC}") = "Ship24X7.Notification.Tests", "src\Services\Notification\Ship24X7.Notification.Tests\Ship24X7.Notification.Tests.csproj", "{82D60199-7024-455D-B3EC-BD42752CC662}"
EndProject
Project("{2150E333-8FDC-42A3-9474-1A3956D46DE8}") = "Payment", "Payment", "{3FB03296-F262-2760-9861-73C41AF3766C}"
EndProject
Project("{FAE04EC0-301F-11D3-BF4B-00C04F79EFBC}") = "Ship24X7.Payment.Tests", "src\Services\Payment\Ship24X7.Payment.Tests\Ship24X7.Payment.Tests.csproj", "{A300D790-6578-4430-914C-E94D0867735E}"
EndProject
Global
	GlobalSection(SolutionConfigurationPlatforms) = preSolution
		Debug|Any CPU = Debug|Any CPU
		Debug|x64 = Debug|x64
		Debug|x86 = Debug|x86
		Release|Any CPU = Release|Any CPU
		Release|x64 = Release|x64
		Release|x86 = Release|x86
	EndGlobalSection
	GlobalSection(ProjectConfigurationPlatforms) = postSolution
		{10000000-0000-0000-0000-000000000001}.Debug|Any CPU.ActiveCfg = Debug|Any CPU
		{10000000-0000-0000-0000-000000000001}.Debug|Any CPU.Build.0 = Debug|Any CPU
		{10000000-0000-0000-0000-000000000001}.Debug|x64.ActiveCfg = Debug|Any CPU
		{10000000-0000-0000-0000-000000000001}.Debug|x64.Build.0 = Debug|Any CPU
		{10000000-0000-0000-0000-000000000001}.Debug|x86.ActiveCfg = Debug|Any CPU
		{10000000-0000-0000-0000-000000000001}.Debug|x86.Build.0 = Debug|Any CPU
		{10000000-0000-0000-0000-000000000001}.Release|Any CPU.ActiveCfg = Release|Any CPU
		{10000000-0000-0000-0000-000000000001}.Release|Any CPU.Build.0 = Release|Any CPU
		{10000000-0000-0000-0000-000000000001}.Release|x64.ActiveCfg = Release|Any CPU
		{10000000-0000-0000-0000-000000000001}.Release|x64.Build.0 = Release|Any CPU
		{10000000-0000-0000-0000-000000000001}.Release|x86.ActiveCfg = Release|Any CPU
		{10000000-0000-0000-0000-000000000001}.Release|x86.Build.0 = Release|Any CPU
		{20000000-0000-0000-0000-000000000001}.Debug|Any CPU.ActiveCfg = Debug|Any CPU
		{20000000-0000-0000-0000-000000000001}.Debug|Any CPU.Build.0 = Debug|Any CPU
		{20000000-0000-0000-0000-000000000001}.Debug|x64.ActiveCfg = Debug|Any CPU
		{20000000-0000-0000-0000-000000000001}.Debug|x64.Build.0 = Debug|Any CPU
		{20000000-0000-0000-0000-000000000001}.Debug|x86.ActiveCfg = Debug|Any CPU
		{20000000-0000-0000-0000-000000000001}.Debug|x86.Build.0 = Debug|Any CPU
		{20000000-0000-0000-0000-000000000001}.Release|Any CPU.ActiveCfg = Release|Any CPU
		{20000000-0000-0000-0000-000000000001}.Release|Any CPU.Build.0 = Release|Any CPU
		{20000000-0000-0000-0000-000000000001}.Release|x64.ActiveCfg = Release|Any CPU
		{20000000-0000-0000-0000-000000000001}.Release|x64.Build.0 = Release|Any CPU
		{20000000-0000-0000-0000-000000000001}.Release|x86.ActiveCfg = Release|Any CPU
		{20000000-0000-0000-0000-000000000001}.Release|x86.Build.0 = Release|Any CPU
		{20000000-0000-0000-0000-000000000002}.Debug|Any CPU.ActiveCfg = Debug|Any CPU
		{20000000-0000-0000-0000-000000000002}.Debug|Any CPU.Build.0 = Debug|Any CPU
		{20000000-0000-0000-0000-000000000002}.Debug|x64.ActiveCfg = Debug|Any CPU
		{20000000-0000-0000-0000-000000000002}.Debug|x64.Build.0 = Debug|Any CPU
		{20000000-0000-0000-0000-000000000002}.Debug|x86.ActiveCfg = Debug|Any CPU
		{20000000-0000-0000-0000-000000000002}.Debug|x86.Build.0 = Debug|Any CPU
		{20000000-0000-0000-0000-000000000002}.Release|Any CPU.ActiveCfg = Release|Any CPU
		{20000000-0000-0000-0000-000000000002}.Release|Any CPU.Build.0 = Release|Any CPU
		{20000000-0000-0000-0000-000000000002}.Release|x64.ActiveCfg = Release|Any CPU
		{20000000-0000-0000-0000-000000000002}.Release|x64.Build.0 = Release|Any CPU
		{20000000-0000-0000-0000-000000000002}.Release|x86.ActiveCfg = Release|Any CPU
		{20000000-0000-0000-0000-000000000002}.Release|x86.Build.0 = Release|Any CPU
		{20000000-0000-0000-0000-000000000003}.Debug|Any CPU.ActiveCfg = Debug|Any CPU
		{20000000-0000-0000-0000-000000000003}.Debug|Any CPU.Build.0 = Debug|Any CPU
		{20000000-0000-0000-0000-000000000003}.Debug|x64.ActiveCfg = Debug|Any CPU
		{20000000-0000-0000-0000-000000000003}.Debug|x64.Build.0 = Debug|Any CPU
		{20000000-0000-0000-0000-000000000003}.Debug|x86.ActiveCfg = Debug|Any CPU
		{20000000-0000-0000-0000-000000000003}.Debug|x86.Build.0 = Debug|Any CPU
		{20000000-0000-0000-0000-000000000003}.Release|Any CPU.ActiveCfg = Release|Any CPU
		{20000000-0000-0000-0000-000000000003}.Release|Any CPU.Build.0 = Release|Any CPU
		{20000000-0000-0000-0000-000000000003}.Release|x64.ActiveCfg = Release|Any CPU
		{20000000-0000-0000-0000-000000000003}.Release|x64.Build.0 = Release|Any CPU
		{20000000-0000-0000-0000-000000000003}.Release|x86.ActiveCfg = Release|Any CPU
		{20000000-0000-0000-0000-000000000003}.Release|x86.Build.0 = Release|Any CPU
		{20000000-0000-0000-0000-000000000004}.Debug|Any CPU.ActiveCfg = Debug|Any CPU
		{20000000-0000-0000-0000-000000000004}.Debug|Any CPU.Build.0 = Debug|Any CPU
		{20000000-0000-0000-0000-000000000004}.Debug|x64.ActiveCfg = Debug|Any CPU
		{20000000-0000-0000-0000-000000000004}.Debug|x64.Build.0 = Debug|Any CPU
		{20000000-0000-0000-0000-000000000004}.Debug|x86.ActiveCfg = Debug|Any CPU
		{20000000-0000-0000-0000-000000000004}.Debug|x86.Build.0 = Debug|Any CPU
		{20000000-0000-0000-0000-000000000004}.Release|Any CPU.ActiveCfg = Release|Any CPU
		{20000000-0000-0000-0000-000000000004}.Release|Any CPU.Build.0 = Release|Any CPU
		{20000000-0000-0000-0000-000000000004}.Release|x64.ActiveCfg = Release|Any CPU
		{20000000-0000-0000-0000-000000000004}.Release|x64.Build.0 = Release|Any CPU
		{20000000-0000-0000-0000-000000000004}.Release|x86.ActiveCfg = Release|Any CPU
		{20000000-0000-0000-0000-000000000004}.Release|x86.Build.0 = Release|Any CPU
		{30000000-0000-0000-0000-000000000001}.Debug|Any CPU.ActiveCfg = Debug|Any CPU
		{30000000-0000-0000-0000-000000000001}.Debug|Any CPU.Build.0 = Debug|Any CPU
		{30000000-0000-0000-0000-000000000001}.Debug|x64.ActiveCfg = Debug|Any CPU
		{30000000-0000-0000-0000-000000000001}.Debug|x64.Build.0 = Debug|Any CPU
		{30000000-0000-0000-0000-000000000001}.Debug|x86.ActiveCfg = Debug|Any CPU
		{30000000-0000-0000-0000-000000000001}.Debug|x86.Build.0 = Debug|Any CPU
		{30000000-0000-0000-0000-000000000001}.Release|Any CPU.ActiveCfg = Release|Any CPU
		{30000000-0000-0000-0000-000000000001}.Release|Any CPU.Build.0 = Release|Any CPU
		{30000000-0000-0000-0000-000000000001}.Release|x64.ActiveCfg = Release|Any CPU
		{30000000-0000-0000-0000-000000000001}.Release|x64.Build.0 = Release|Any CPU
		{30000000-0000-0000-0000-000000000001}.Release|x86.ActiveCfg = Release|Any CPU
		{30000000-0000-0000-0000-000000000001}.Release|x86.Build.0 = Release|Any CPU
		{30000000-0000-0000-0000-000000000002}.Debug|Any CPU.ActiveCfg = Debug|Any CPU
		{30000000-0000-0000-0000-000000000002}.Debug|Any CPU.Build.0 = Debug|Any CPU
		{30000000-0000-0000-0000-000000000002}.Debug|x64.ActiveCfg = Debug|Any CPU
		{30000000-0000-0000-0000-000000000002}.Debug|x64.Build.0 = Debug|Any CPU
		{30000000-0000-0000-0000-000000000002}.Debug|x86.ActiveCfg = Debug|Any CPU
		{30000000-0000-0000-0000-000000000002}.Debug|x86.Build.0 = Debug|Any CPU
		{30000000-0000-0000-0000-000000000002}.Release|Any CPU.ActiveCfg = Release|Any CPU
		{30000000-0000-0000-0000-000000000002}.Release|Any CPU.Build.0 = Release|Any CPU
		{30000000-0000-0000-0000-000000000002}.Release|x64.ActiveCfg = Release|Any CPU
		{30000000-0000-0000-0000-000000000002}.Release|x64.Build.0 = Release|Any CPU
		{30000000-0000-0000-0000-000000000002}.Release|x86.ActiveCfg = Release|Any CPU
		{30000000-0000-0000-0000-000000000002}.Release|x86.Build.0 = Release|Any CPU
		{30000000-0000-0000-0000-000000000003}.Debug|Any CPU.ActiveCfg = Debug|Any CPU
		{30000000-0000-0000-0000-000000000003}.Debug|Any CPU.Build.0 = Debug|Any CPU
		{30000000-0000-0000-0000-000000000003}.Debug|x64.ActiveCfg = Debug|Any CPU
		{30000000-0000-0000-0000-000000000003}.Debug|x64.Build.0 = Debug|Any CPU
		{30000000-0000-0000-0000-000000000003}.Debug|x86.ActiveCfg = Debug|Any CPU
		{30000000-0000-0000-0000-000000000003}.Debug|x86.Build.0 = Debug|Any CPU
		{30000000-0000-0000-0000-000000000003}.Release|Any CPU.ActiveCfg = Release|Any CPU
		{30000000-0000-0000-0000-000000000003}.Release|Any CPU.Build.0 = Release|Any CPU
		{30000000-0000-0000-0000-000000000003}.Release|x64.ActiveCfg = Release|Any CPU
		{30000000-0000-0000-0000-000000000003}.Release|x64.Build.0 = Release|Any CPU
		{30000000-0000-0000-0000-000000000003}.Release|x86.ActiveCfg = Release|Any CPU
		{30000000-0000-0000-0000-000000000003}.Release|x86.Build.0 = Release|Any CPU
		{30000000-0000-0000-0000-000000000004}.Debug|Any CPU.ActiveCfg = Debug|Any CPU
		{30000000-0000-0000-0000-000000000004}.Debug|Any CPU.Build.0 = Debug|Any CPU
		{30000000-0000-0000-0000-000000000004}.Debug|x64.ActiveCfg = Debug|Any CPU
		{30000000-0000-0000-0000-000000000004}.Debug|x64.Build.0 = Debug|Any CPU
		{30000000-0000-0000-0000-000000000004}.Debug|x86.ActiveCfg = Debug|Any CPU
		{30000000-0000-0000-0000-000000000004}.Debug|x86.Build.0 = Debug|Any CPU
		{30000000-0000-0000-0000-000000000004}.Release|Any CPU.ActiveCfg = Release|Any CPU
		{30000000-0000-0000-0000-000000000004}.Release|Any CPU.Build.0 = Release|Any CPU
		{30000000-0000-0000-0000-000000000004}.Release|x64.ActiveCfg = Release|Any CPU
		{30000000-0000-0000-0000-000000000004}.Release|x64.Build.0 = Release|Any CPU
		{30000000-0000-0000-0000-000000000004}.Release|x86.ActiveCfg = Release|Any CPU
		{30000000-0000-0000-0000-000000000004}.Release|x86.Build.0 = Release|Any CPU
		{40000000-0000-0000-0000-000000000001}.Debug|Any CPU.ActiveCfg = Debug|Any CPU
		{40000000-0000-0000-0000-000000000001}.Debug|Any CPU.Build.0 = Debug|Any CPU
		{40000000-0000-0000-0000-000000000001}.Debug|x64.ActiveCfg = Debug|Any CPU
		{40000000-0000-0000-0000-000000000001}.Debug|x64.Build.0 = Debug|Any CPU
		{40000000-0000-0000-0000-000000000001}.Debug|x86.ActiveCfg = Debug|Any CPU
		{40000000-0000-0000-0000-000000000001}.Debug|x86.Build.0 = Debug|Any CPU
		{40000000-0000-0000-0000-000000000001}.Release|Any CPU.ActiveCfg = Release|Any CPU
		{40000000-0000-0000-0000-000000000001}.Release|Any CPU.Build.0 = Release|Any CPU
		{40000000-0000-0000-0000-000000000001}.Release|x64.ActiveCfg = Release|Any CPU
		{40000000-0000-0000-0000-000000000001}.Release|x64.Build.0 = Release|Any CPU
		{40000000-0000-0000-0000-000000000001}.Release|x86.ActiveCfg = Release|Any CPU
		{40000000-0000-0000-0000-000000000001}.Release|x86.Build.0 = Release|Any CPU
		{40000000-0000-0000-0000-000000000002}.Debug|Any CPU.ActiveCfg = Debug|Any CPU
		{40000000-0000-0000-0000-000000000002}.Debug|Any CPU.Build.0 = Debug|Any CPU
		{40000000-0000-0000-0000-000000000002}.Debug|x64.ActiveCfg = Debug|Any CPU
		{40000000-0000-0000-0000-000000000002}.Debug|x64.Build.0 = Debug|Any CPU
		{40000000-0000-0000-0000-000000000002}.Debug|x86.ActiveCfg = Debug|Any CPU
		{40000000-0000-0000-0000-000000000002}.Debug|x86.Build.0 = Debug|Any CPU
		{40000000-0000-0000-0000-000000000002}.Release|Any CPU.ActiveCfg = Release|Any CPU
		{40000000-0000-0000-0000-000000000002}.Release|Any CPU.Build.0 = Release|Any CPU
		{40000000-0000-0000-0000-000000000002}.Release|x64.ActiveCfg = Release|Any CPU
		{40000000-0000-0000-0000-000000000002}.Release|x64.Build.0 = Release|Any CPU
		{40000000-0000-0000-0000-000000000002}.Release|x86.ActiveCfg = Release|Any CPU
		{40000000-0000-0000-0000-000000000002}.Release|x86.Build.0 = Release|Any CPU
		{40000000-0000-0000-0000-000000000003}.Debug|Any CPU.ActiveCfg = Debug|Any CPU
		{40000000-0000-0000-0000-000000000003}.Debug|Any CPU.Build.0 = Debug|Any CPU
		{40000000-0000-0000-0000-000000000003}.Debug|x64.ActiveCfg = Debug|Any CPU
		{40000000-0000-0000-0000-000000000003}.Debug|x64.Build.0 = Debug|Any CPU
		{40000000-0000-0000-0000-000000000003}.Debug|x86.ActiveCfg = Debug|Any CPU
		{40000000-0000-0000-0000-000000000003}.Debug|x86.Build.0 = Debug|Any CPU
		{40000000-0000-0000-0000-000000000003}.Release|Any CPU.ActiveCfg = Release|Any CPU
		{40000000-0000-0000-0000-000000000003}.Release|Any CPU.Build.0 = Release|Any CPU
		{40000000-0000-0000-0000-000000000003}.Release|x64.ActiveCfg = Release|Any CPU
		{40000000-0000-0000-0000-000000000003}.Release|x64.Build.0 = Release|Any CPU
		{40000000-0000-0000-0000-000000000003}.Release|x86.ActiveCfg = Release|Any CPU
		{40000000-0000-0000-0000-000000000003}.Release|x86.Build.0 = Release|Any CPU
		{40000000-0000-0000-0000-000000000004}.Debug|Any CPU.ActiveCfg = Debug|Any CPU
		{40000000-0000-0000-0000-000000000004}.Debug|Any CPU.Build.0 = Debug|Any CPU
		{40000000-0000-0000-0000-000000000004}.Debug|x64.ActiveCfg = Debug|Any CPU
		{40000000-0000-0000-0000-000000000004}.Debug|x64.Build.0 = Debug|Any CPU
		{40000000-0000-0000-0000-000000000004}.Debug|x86.ActiveCfg = Debug|Any CPU
		{40000000-0000-0000-0000-000000000004}.Debug|x86.Build.0 = Debug|Any CPU
		{40000000-0000-0000-0000-000000000004}.Release|Any CPU.ActiveCfg = Release|Any CPU
		{40000000-0000-0000-0000-000000000004}.Release|Any CPU.Build.0 = Release|Any CPU
		{40000000-0000-0000-0000-000000000004}.Release|x64.ActiveCfg = Release|Any CPU
		{40000000-0000-0000-0000-000000000004}.Release|x64.Build.0 = Release|Any CPU
		{40000000-0000-0000-0000-000000000004}.Release|x86.ActiveCfg = Release|Any CPU
		{40000000-0000-0000-0000-000000000004}.Release|x86.Build.0 = Release|Any CPU
		{50000000-0000-0000-0000-000000000001}.Debug|Any CPU.ActiveCfg = Debug|Any CPU
		{50000000-0000-0000-0000-000000000001}.Debug|Any CPU.Build.0 = Debug|Any CPU
		{50000000-0000-0000-0000-000000000001}.Debug|x64.ActiveCfg = Debug|Any CPU
		{50000000-0000-0000-0000-000000000001}.Debug|x64.Build.0 = Debug|Any CPU
		{50000000-0000-0000-0000-000000000001}.Debug|x86.ActiveCfg = Debug|Any CPU
		{50000000-0000-0000-0000-000000000001}.Debug|x86.Build.0 = Debug|Any CPU
		{50000000-0000-0000-0000-000000000001}.Release|Any CPU.ActiveCfg = Release|Any CPU
		{50000000-0000-0000-0000-000000000001}.Release|Any CPU.Build.0 = Release|Any CPU
		{50000000-0000-0000-0000-000000000001}.Release|x64.ActiveCfg = Release|Any CPU
		{50000000-0000-0000-0000-000000000001}.Release|x64.Build.0 = Release|Any CPU
		{50000000-0000-0000-0000-000000000001}.Release|x86.ActiveCfg = Release|Any CPU
		{50000000-0000-0000-0000-000000000001}.Release|x86.Build.0 = Release|Any CPU
		{50000000-0000-0000-0000-000000000002}.Debug|Any CPU.ActiveCfg = Debug|Any CPU
		{50000000-0000-0000-0000-000000000002}.Debug|Any CPU.Build.0 = Debug|Any CPU
		{50000000-0000-0000-0000-000000000002}.Debug|x64.ActiveCfg = Debug|Any CPU
		{50000000-0000-0000-0000-000000000002}.Debug|x64.Build.0 = Debug|Any CPU
		{50000000-0000-0000-0000-000000000002}.Debug|x86.ActiveCfg = Debug|Any CPU
		{50000000-0000-0000-0000-000000000002}.Debug|x86.Build.0 = Debug|Any CPU
		{50000000-0000-0000-0000-000000000002}.Release|Any CPU.ActiveCfg = Release|Any CPU
		{50000000-0000-0000-0000-000000000002}.Release|Any CPU.Build.0 = Release|Any CPU
		{50000000-0000-0000-0000-000000000002}.Release|x64.ActiveCfg = Release|Any CPU
		{50000000-0000-0000-0000-000000000002}.Release|x64.Build.0 = Release|Any CPU
		{50000000-0000-0000-0000-000000000002}.Release|x86.ActiveCfg = Release|Any CPU
		{50000000-0000-0000-0000-000000000002}.Release|x86.Build.0 = Release|Any CPU
		{50000000-0000-0000-0000-000000000003}.Debug|Any CPU.ActiveCfg = Debug|Any CPU
		{50000000-0000-0000-0000-000000000003}.Debug|Any CPU.Build.0 = Debug|Any CPU
		{50000000-0000-0000-0000-000000000003}.Debug|x64.ActiveCfg = Debug|Any CPU
		{50000000-0000-0000-0000-000000000003}.Debug|x64.Build.0 = Debug|Any CPU
		{50000000-0000-0000-0000-000000000003}.Debug|x86.ActiveCfg = Debug|Any CPU
		{50000000-0000-0000-0000-000000000003}.Debug|x86.Build.0 = Debug|Any CPU
		{50000000-0000-0000-0000-000000000003}.Release|Any CPU.ActiveCfg = Release|Any CPU
		{50000000-0000-0000-0000-000000000003}.Release|Any CPU.Build.0 = Release|Any CPU
		{50000000-0000-0000-0000-000000000003}.Release|x64.ActiveCfg = Release|Any CPU
		{50000000-0000-0000-0000-000000000003}.Release|x64.Build.0 = Release|Any CPU
		{50000000-0000-0000-0000-000000000003}.Release|x86.ActiveCfg = Release|Any CPU
		{50000000-0000-0000-0000-000000000003}.Release|x86.Build.0 = Release|Any CPU
		{50000000-0000-0000-0000-000000000004}.Debug|Any CPU.ActiveCfg = Debug|Any CPU
		{50000000-0000-0000-0000-000000000004}.Debug|Any CPU.Build.0 = Debug|Any CPU
		{50000000-0000-0000-0000-000000000004}.Debug|x64.ActiveCfg = Debug|Any CPU
		{50000000-0000-0000-0000-000000000004}.Debug|x64.Build.0 = Debug|Any CPU
		{50000000-0000-0000-0000-000000000004}.Debug|x86.ActiveCfg = Debug|Any CPU
		{50000000-0000-0000-0000-000000000004}.Debug|x86.Build.0 = Debug|Any CPU
		{50000000-0000-0000-0000-000000000004}.Release|Any CPU.ActiveCfg = Release|Any CPU
		{50000000-0000-0000-0000-000000000004}.Release|Any CPU.Build.0 = Release|Any CPU
		{50000000-0000-0000-0000-000000000004}.Release|x64.ActiveCfg = Release|Any CPU
		{50000000-0000-0000-0000-000000000004}.Release|x64.Build.0 = Release|Any CPU
		{50000000-0000-0000-0000-000000000004}.Release|x86.ActiveCfg = Release|Any CPU
		{50000000-0000-0000-0000-000000000004}.Release|x86.Build.0 = Release|Any CPU
		{60000000-0000-0000-0000-000000000001}.Debug|Any CPU.ActiveCfg = Debug|Any CPU
		{60000000-0000-0000-0000-000000000001}.Debug|Any CPU.Build.0 = Debug|Any CPU
		{60000000-0000-0000-0000-000000000001}.Debug|x64.ActiveCfg = Debug|Any CPU
		{60000000-0000-0000-0000-000000000001}.Debug|x64.Build.0 = Debug|Any CPU
		{60000000-0000-0000-0000-000000000001}.Debug|x86.ActiveCfg = Debug|Any CPU
		{60000000-0000-0000-0000-000000000001}.Debug|x86.Build.0 = Debug|Any CPU
		{60000000-0000-0000-0000-000000000001}.Release|Any CPU.ActiveCfg = Release|Any CPU
		{60000000-0000-0000-0000-000000000001}.Release|Any CPU.Build.0 = Release|Any CPU
		{60000000-0000-0000-0000-000000000001}.Release|x64.ActiveCfg = Release|Any CPU
		{60000000-0000-0000-0000-000000000001}.Release|x64.Build.0 = Release|Any CPU
		{60000000-0000-0000-0000-000000000001}.Release|x86.ActiveCfg = Release|Any CPU
		{60000000-0000-0000-0000-000000000001}.Release|x86.Build.0 = Release|Any CPU
		{60000000-0000-0000-0000-000000000002}.Debug|Any CPU.ActiveCfg = Debug|Any CPU
		{60000000-0000-0000-0000-000000000002}.Debug|Any CPU.Build.0 = Debug|Any CPU
		{60000000-0000-0000-0000-000000000002}.Debug|x64.ActiveCfg = Debug|Any CPU
		{60000000-0000-0000-0000-000000000002}.Debug|x64.Build.0 = Debug|Any CPU
		{60000000-0000-0000-0000-000000000002}.Debug|x86.ActiveCfg = Debug|Any CPU
		{60000000-0000-0000-0000-000000000002}.Debug|x86.Build.0 = Debug|Any CPU
		{60000000-0000-0000-0000-000000000002}.Release|Any CPU.ActiveCfg = Release|Any CPU
		{60000000-0000-0000-0000-000000000002}.Release|Any CPU.Build.0 = Release|Any CPU
		{60000000-0000-0000-0000-000000000002}.Release|x64.ActiveCfg = Release|Any CPU
		{60000000-0000-0000-0000-000000000002}.Release|x64.Build.0 = Release|Any CPU
		{60000000-0000-0000-0000-000000000002}.Release|x86.ActiveCfg = Release|Any CPU
		{60000000-0000-0000-0000-000000000002}.Release|x86.Build.0 = Release|Any CPU
		{60000000-0000-0000-0000-000000000003}.Debug|Any CPU.ActiveCfg = Debug|Any CPU
		{60000000-0000-0000-0000-000000000003}.Debug|Any CPU.Build.0 = Debug|Any CPU
		{60000000-0000-0000-0000-000000000003}.Debug|x64.ActiveCfg = Debug|Any CPU
		{60000000-0000-0000-0000-000000000003}.Debug|x64.Build.0 = Debug|Any CPU
		{60000000-0000-0000-0000-000000000003}.Debug|x86.ActiveCfg = Debug|Any CPU
		{60000000-0000-0000-0000-000000000003}.Debug|x86.Build.0 = Debug|Any CPU
		{60000000-0000-0000-0000-000000000003}.Release|Any CPU.ActiveCfg = Release|Any CPU
		{60000000-0000-0000-0000-000000000003}.Release|Any CPU.Build.0 = Release|Any CPU
		{60000000-0000-0000-0000-000000000003}.Release|x64.ActiveCfg = Release|Any CPU
		{60000000-0000-0000-0000-000000000003}.Release|x64.Build.0 = Release|Any CPU
		{60000000-0000-0000-0000-000000000003}.Release|x86.ActiveCfg = Release|Any CPU
		{60000000-0000-0000-0000-000000000003}.Release|x86.Build.0 = Release|Any CPU
		{60000000-0000-0000-0000-000000000004}.Debug|Any CPU.ActiveCfg = Debug|Any CPU
		{60000000-0000-0000-0000-000000000004}.Debug|Any CPU.Build.0 = Debug|Any CPU
		{60000000-0000-0000-0000-000000000004}.Debug|x64.ActiveCfg = Debug|Any CPU
		{60000000-0000-0000-0000-000000000004}.Debug|x64.Build.0 = Debug|Any CPU
		{60000000-0000-0000-0000-000000000004}.Debug|x86.ActiveCfg = Debug|Any CPU
		{60000000-0000-0000-0000-000000000004}.Debug|x86.Build.0 = Debug|Any CPU
		{60000000-0000-0000-0000-000000000004}.Release|Any CPU.ActiveCfg = Release|Any CPU
		{60000000-0000-0000-0000-000000000004}.Release|Any CPU.Build.0 = Release|Any CPU
		{60000000-0000-0000-0000-000000000004}.Release|x64.ActiveCfg = Release|Any CPU
		{60000000-0000-0000-0000-000000000004}.Release|x64.Build.0 = Release|Any CPU
		{60000000-0000-0000-0000-000000000004}.Release|x86.ActiveCfg = Release|Any CPU
		{60000000-0000-0000-0000-000000000004}.Release|x86.Build.0 = Release|Any CPU
		{70000000-0000-0000-0000-000000000001}.Debug|Any CPU.ActiveCfg = Debug|Any CPU
		{70000000-0000-0000-0000-000000000001}.Debug|Any CPU.Build.0 = Debug|Any CPU
		{70000000-0000-0000-0000-000000000001}.Debug|x64.ActiveCfg = Debug|Any CPU
		{70000000-0000-0000-0000-000000000001}.Debug|x64.Build.0 = Debug|Any CPU
		{70000000-0000-0000-0000-000000000001}.Debug|x86.ActiveCfg = Debug|Any CPU
		{70000000-0000-0000-0000-000000000001}.Debug|x86.Build.0 = Debug|Any CPU
		{70000000-0000-0000-0000-000000000001}.Release|Any CPU.ActiveCfg = Release|Any CPU
		{70000000-0000-0000-0000-000000000001}.Release|Any CPU.Build.0 = Release|Any CPU
		{70000000-0000-0000-0000-000000000001}.Release|x64.ActiveCfg = Release|Any CPU
		{70000000-0000-0000-0000-000000000001}.Release|x64.Build.0 = Release|Any CPU
		{70000000-0000-0000-0000-000000000001}.Release|x86.ActiveCfg = Release|Any CPU
		{70000000-0000-0000-0000-000000000001}.Release|x86.Build.0 = Release|Any CPU
		{80000000-0000-0000-0000-000000000001}.Debug|Any CPU.ActiveCfg = Debug|Any CPU
		{80000000-0000-0000-0000-000000000001}.Debug|Any CPU.Build.0 = Debug|Any CPU
		{80000000-0000-0000-0000-000000000001}.Debug|x64.ActiveCfg = Debug|Any CPU
		{80000000-0000-0000-0000-000000000001}.Debug|x64.Build.0 = Debug|Any CPU
		{80000000-0000-0000-0000-000000000001}.Debug|x86.ActiveCfg = Debug|Any CPU
		{80000000-0000-0000-0000-000000000001}.Debug|x86.Build.0 = Debug|Any CPU
		{80000000-0000-0000-0000-000000000001}.Release|Any CPU.ActiveCfg = Release|Any CPU
		{80000000-0000-0000-0000-000000000001}.Release|Any CPU.Build.0 = Release|Any CPU
		{80000000-0000-0000-0000-000000000001}.Release|x64.ActiveCfg = Release|Any CPU
		{80000000-0000-0000-0000-000000000001}.Release|x64.Build.0 = Release|Any CPU
		{80000000-0000-0000-0000-000000000001}.Release|x86.ActiveCfg = Release|Any CPU
		{80000000-0000-0000-0000-000000000001}.Release|x86.Build.0 = Release|Any CPU
		{82D60199-7024-455D-B3EC-BD42752CC662}.Debug|Any CPU.ActiveCfg = Debug|Any CPU
		{82D60199-7024-455D-B3EC-BD42752CC662}.Debug|Any CPU.Build.0 = Debug|Any CPU
		{82D60199-7024-455D-B3EC-BD42752CC662}.Debug|x64.ActiveCfg = Debug|Any CPU
		{82D60199-7024-455D-B3EC-BD42752CC662}.Debug|x64.Build.0 = Debug|Any CPU
		{82D60199-7024-455D-B3EC-BD42752CC662}.Debug|x86.ActiveCfg = Debug|Any CPU
		{82D60199-7024-455D-B3EC-BD42752CC662}.Debug|x86.Build.0 = Debug|Any CPU
		{82D60199-7024-455D-B3EC-BD42752CC662}.Release|Any CPU.ActiveCfg = Release|Any CPU
		{82D60199-7024-455D-B3EC-BD42752CC662}.Release|Any CPU.Build.0 = Release|Any CPU
		{82D60199-7024-455D-B3EC-BD42752CC662}.Release|x64.ActiveCfg = Release|Any CPU
		{82D60199-7024-455D-B3EC-BD42752CC662}.Release|x64.Build.0 = Release|Any CPU
		{82D60199-7024-455D-B3EC-BD42752CC662}.Release|x86.ActiveCfg = Release|Any CPU
		{82D60199-7024-455D-B3EC-BD42752CC662}.Release|x86.Build.0 = Release|Any CPU
		{A300D790-6578-4430-914C-E94D0867735E}.Debug|Any CPU.ActiveCfg = Debug|Any CPU
		{A300D790-6578-4430-914C-E94D0867735E}.Debug|Any CPU.Build.0 = Debug|Any CPU
		{A300D790-6578-4430-914C-E94D0867735E}.Debug|x64.ActiveCfg = Debug|Any CPU
		{A300D790-6578-4430-914C-E94D0867735E}.Debug|x64.Build.0 = Debug|Any CPU
		{A300D790-6578-4430-914C-E94D0867735E}.Debug|x86.ActiveCfg = Debug|Any CPU
		{A300D790-6578-4430-914C-E94D0867735E}.Debug|x86.Build.0 = Debug|Any CPU
		{A300D790-6578-4430-914C-E94D0867735E}.Release|Any CPU.ActiveCfg = Release|Any CPU
		{A300D790-6578-4430-914C-E94D0867735E}.Release|Any CPU.Build.0 = Release|Any CPU
		{A300D790-6578-4430-914C-E94D0867735E}.Release|x64.ActiveCfg = Release|Any CPU
		{A300D790-6578-4430-914C-E94D0867735E}.Release|x64.Build.0 = Release|Any CPU
		{A300D790-6578-4430-914C-E94D0867735E}.Release|x86.ActiveCfg = Release|Any CPU
		{A300D790-6578-4430-914C-E94D0867735E}.Release|x86.Build.0 = Release|Any CPU
	EndGlobalSection
	GlobalSection(SolutionProperties) = preSolution
		HideSolutionNode = FALSE
	EndGlobalSection
	GlobalSection(NestedProjects) = preSolution
		{10000000-0000-0000-0000-000000000001} = {9BC9CEB8-8B4A-11D0-8D11-00A0C91BC942}
		{20000000-0000-0000-0000-000000000001} = {8BC9CEB8-8B4A-11D0-8D11-00A0C91BC942}
		{20000000-0000-0000-0000-000000000002} = {8BC9CEB8-8B4A-11D0-8D11-00A0C91BC942}
		{20000000-0000-0000-0000-000000000003} = {8BC9CEB8-8B4A-11D0-8D11-00A0C91BC942}
		{20000000-0000-0000-0000-000000000004} = {8BC9CEB8-8B4A-11D0-8D11-00A0C91BC942}
		{30000000-0000-0000-0000-000000000001} = {8BC9CEB8-8B4A-11D0-8D11-00A0C91BC942}
		{30000000-0000-0000-0000-000000000002} = {8BC9CEB8-8B4A-11D0-8D11-00A0C91BC942}
		{30000000-0000-0000-0000-000000000003} = {8BC9CEB8-8B4A-11D0-8D11-00A0C91BC942}
		{30000000-0000-0000-0000-000000000004} = {8BC9CEB8-8B4A-11D0-8D11-00A0C91BC942}
		{40000000-0000-0000-0000-000000000001} = {8BC9CEB8-8B4A-11D0-8D11-00A0C91BC942}
		{40000000-0000-0000-0000-000000000002} = {8BC9CEB8-8B4A-11D0-8D11-00A0C91BC942}
		{40000000-0000-0000-0000-000000000003} = {8BC9CEB8-8B4A-11D0-8D11-00A0C91BC942}
		{40000000-0000-0000-0000-000000000004} = {8BC9CEB8-8B4A-11D0-8D11-00A0C91BC942}
		{50000000-0000-0000-0000-000000000001} = {8BC9CEB8-8B4A-11D0-8D11-00A0C91BC942}
		{50000000-0000-0000-0000-000000000002} = {8BC9CEB8-8B4A-11D0-8D11-00A0C91BC942}
		{50000000-0000-0000-0000-000000000003} = {8BC9CEB8-8B4A-11D0-8D11-00A0C91BC942}
		{50000000-0000-0000-0000-000000000004} = {8BC9CEB8-8B4A-11D0-8D11-00A0C91BC942}
		{60000000-0000-0000-0000-000000000001} = {8BC9CEB8-8B4A-11D0-8D11-00A0C91BC942}
		{60000000-0000-0000-0000-000000000002} = {8BC9CEB8-8B4A-11D0-8D11-00A0C91BC942}
		{60000000-0000-0000-0000-000000000003} = {8BC9CEB8-8B4A-11D0-8D11-00A0C91BC942}
		{60000000-0000-0000-0000-000000000004} = {8BC9CEB8-8B4A-11D0-8D11-00A0C91BC942}
		{70000000-0000-0000-0000-000000000001} = {ABC9CEB8-8B4A-11D0-8D11-00A0C91BC942}
		{80000000-0000-0000-0000-000000000001} = {DBC9CEB8-8B4A-11D0-8D11-00A0C91BC942}
		{984BB9B3-3FA3-BE33-9484-CAC21695A33C} = {827E0CD3-B72D-47B6-A68D-7590B98EB39B}
		{C5FBE174-8E0F-F5A3-B929-8BD0C55C0A32} = {984BB9B3-3FA3-BE33-9484-CAC21695A33C}
		{82D60199-7024-455D-B3EC-BD42752CC662} = {C5FBE174-8E0F-F5A3-B929-8BD0C55C0A32}
		{3FB03296-F262-2760-9861-73C41AF3766C} = {984BB9B3-3FA3-BE33-9484-CAC21695A33C}
		{A300D790-6578-4430-914C-E94D0867735E} = {3FB03296-F262-2760-9861-73C41AF3766C}
	EndGlobalSection
EndGlobal
